
Microsoft Visual Studio Solution File, Format Version 12.00
# Visual Studio Version 16
VisualStudioVersion = 16.0.31129.286
MinimumVisualStudioVersion = 10.0.40219.1
Project("{FAE04EC0-301F-11D3-BF4B-00C04F79EFBC}") = "HateoasDemo", "HateoasDemo.csproj", "{03478727-8981-44FB-9420-A1B0852F8781}"
EndProject
Global
	GlobalSection(SolutionConfigurationPlatforms) = preSolution
		Debug|Any CPU = Debug|Any CPU
		Release|Any CPU = Release|Any CPU
	EndGlobalSection
	GlobalSection(ProjectConfigurationPlatforms) = postSolution
		{03478727-8981-44FB-9420-A1B0852F8781}.Debug|Any CPU.ActiveCfg = Debug|Any CPU
		{03478727-8981-44FB-9420-A1B0852F8781}.Debug|Any CPU.Build.0 = Debug|Any CPU
		{03478727-8981-44FB-9420-A1B0852F8781}.Release|Any CPU.ActiveCfg = Release|Any CPU
		{03478727-8981-44FB-9420-A1B0852F8781}.Release|Any CPU.Build.0 = Release|Any CPU
	EndGlobalSection
	GlobalSection(SolutionProperties) = preSolution
		HideSolutionNode = FALSE
	EndGlobalSection
	GlobalSection(ExtensibilityGlobals) = postSolution
		SolutionGuid = {32D01EB7-36AC-4929-BEB6-2CDD9FBF6912}
	EndGlobalSection
EndGlobal
